<?xml version="1.0" encoding="UTF-8"?>
<CONFIG>
  <ProjectOptions>
    <Version Value="12"/>
    <PathDelim Value="\"/>
    <General>
      <Flags>
        <CompatibilityMode Value="True"/>
      </Flags>
      <ResourceType Value="res"/>
      <UseXPManifest Value="True"/>
      <Icon Value="0"/>
      <ActiveWindowIndexAtStart Value="-1"/>
    </General>
    <i18n>
      <EnableI18N LFM="False"/>
    </i18n>
    <VersionInfo>
      <UseVersionInfo Value="True"/>
      <AutoIncrementBuild Value="True"/>
      <StringTable CompanyName="Adl Development Ltd" FileDescription="Run on CSV Comp DB" ProductName="Bahia Scada for P-Noise"/>
    </VersionInfo>
    <BuildModes Count="1" Active="Default">
      <Item1 Name="Default" Default="True"/>
    </BuildModes>
    <PublishOptions>
      <Version Value="2"/>
    </PublishOptions>
    <RunParams>
      <FormatVersion Value="2"/>
      <Modes Count="1">
        <Mode0 Name="default"/>
      </Modes>
    </RunParams>
    <RequiredPackages Count="6">
      <Item1>
        <PackageName Value="etpackage"/>
      </Item1>
      <Item2>
        <PackageName Value="FCL"/>
        <MinVersion Major="1" Valid="True"/>
      </Item2>
      <Item3>
        <PackageName Value="SDFLaz"/>
        <MinVersion Minor="1" Release="1" Valid="True"/>
      </Item3>
      <Item4>
        <PackageName Value="SynEdit"/>
        <MinVersion Major="1" Valid="True"/>
      </Item4>
      <Item5>
        <PackageName Value="SdpoSerialLaz"/>
        <MinVersion Minor="1" Release="5" Valid="True"/>
      </Item5>
      <Item6>
        <PackageName Value="LCL"/>
      </Item6>
    </RequiredPackages>
    <Units Count="18">
      <Unit0>
        <Filename Value="project1.lpr"/>
        <IsPartOfProject Value="True"/>
        <EditorIndex Value="-1"/>
        <CursorPos X="27" Y="8"/>
        <UsageCount Value="110"/>
      </Unit0>
      <Unit1>
        <Filename Value="unit1.pas"/>
        <IsPartOfProject Value="True"/>
        <ComponentName Value="Form1"/>
        <HasResources Value="True"/>
        <ResourceBaseClass Value="Form"/>
        <UnitName Value="Unit1"/>
        <IsVisibleTab Value="True"/>
        <EditorIndex Value="-1"/>
        <TopLine Value="522"/>
        <CursorPos X="13" Y="537"/>
        <UsageCount Value="110"/>
      </Unit1>
      <Unit2>
        <Filename Value="C:\lazarus\lcl\graphics.pp"/>
        <UnitName Value="Graphics"/>
        <TopLine Value="1383"/>
        <CursorPos X="16" Y="1398"/>
        <UsageCount Value="9"/>
      </Unit2>
      <Unit3>
        <Filename Value="portas.txt"/>
        <TopLine Value="131"/>
        <CursorPos X="12" Y="140"/>
        <UsageCount Value="8"/>
        <DefaultSyntaxHighlighter Value="None"/>
      </Unit3>
      <Unit4>
        <Filename Value="unit2.pas"/>
        <IsPartOfProject Value="True"/>
        <ComponentName Value="Form2"/>
        <HasResources Value="True"/>
        <ResourceBaseClass Value="Form"/>
        <UnitName Value="Unit2"/>
        <EditorIndex Value="-1"/>
        <TopLine Value="122"/>
        <CursorPos X="3" Y="131"/>
        <UsageCount Value="78"/>
      </Unit4>
      <Unit5>
        <Filename Value="maquina_virtual.txt"/>
        <TopLine Value="19"/>
        <UsageCount Value="10"/>
        <DefaultSyntaxHighlighter Value="None"/>
      </Unit5>
      <Unit6>
        <Filename Value="executar_cql.txt"/>
        <EditorIndex Value="-1"/>
        <CursorPos X="27" Y="12"/>
        <UsageCount Value="13"/>
        <DefaultSyntaxHighlighter Value="None"/>
      </Unit6>
      <Unit7>
        <Filename Value="unit3.pas"/>
        <IsPartOfProject Value="True"/>
        <ComponentName Value="Form3"/>
        <HasResources Value="True"/>
        <ResourceBaseClass Value="Form"/>
        <UnitName Value="Unit3"/>
        <EditorIndex Value="-1"/>
        <TopLine Value="57"/>
        <CursorPos X="25" Y="57"/>
        <UsageCount Value="68"/>
      </Unit7>
      <Unit8>
        <Filename Value="C:\lazarus\fpc\2.4.2\source\rtl\inc\objpash.inc"/>
        <TopLine Value="371"/>
        <CursorPos X="21" Y="194"/>
        <UsageCount Value="9"/>
      </Unit8>
      <Unit9>
        <Filename Value="maquina_virtual.pas"/>
        <TopLine Value="395"/>
        <CursorPos X="63" Y="404"/>
        <UsageCount Value="13"/>
      </Unit9>
      <Unit10>
        <Filename Value="unit4.pas"/>
        <IsPartOfProject Value="True"/>
        <ComponentName Value="Form4"/>
        <HasResources Value="True"/>
        <ResourceBaseClass Value="Form"/>
        <UnitName Value="Unit4"/>
        <EditorIndex Value="-1"/>
        <WindowIndex Value="-1"/>
        <TopLine Value="58"/>
        <CursorPos X="7" Y="74"/>
        <UsageCount Value="39"/>
      </Unit10>
      <Unit11>
        <Filename Value="unit5.pas"/>
        <IsPartOfProject Value="True"/>
        <ComponentName Value="Form5"/>
        <HasResources Value="True"/>
        <ResourceBaseClass Value="Form"/>
        <UnitName Value="Unit5"/>
        <EditorIndex Value="-1"/>
        <TopLine Value="61"/>
        <CursorPos X="75" Y="116"/>
        <UsageCount Value="36"/>
      </Unit11>
      <Unit12>
        <Filename Value="C:\lazarus\components\Sdpo-0.2.0\Sdpo\SdpoSerial\sdposerial.pas"/>
        <UnitName Value="SdpoSerial"/>
        <TopLine Value="62"/>
        <CursorPos X="3" Y="79"/>
        <UsageCount Value="10"/>
      </Unit12>
      <Unit13>
        <Filename Value="Identar.txt"/>
        <EditorIndex Value="-1"/>
        <CursorPos X="10" Y="5"/>
        <UsageCount Value="10"/>
        <DefaultSyntaxHighlighter Value="None"/>
      </Unit13>
      <Unit14>
        <Filename Value="Empilhar_CQL.txt"/>
        <CursorPos X="21" Y="16"/>
        <UsageCount Value="10"/>
        <DefaultSyntaxHighlighter Value="None"/>
      </Unit14>
      <Unit15>
        <Filename Value="C:\lazarus_3\components\epiktimer\etpackage.lpk"/>
        <EditorIndex Value="-1"/>
        <WindowIndex Value="-1"/>
        <TopLine Value="-1"/>
        <CursorPos X="-1" Y="-1"/>
        <UsageCount Value="20"/>
        <DefaultSyntaxHighlighter Value="XML"/>
      </Unit15>
      <Unit16>
        <Filename Value="unit6.pas"/>
        <IsPartOfProject Value="True"/>
        <HasResources Value="True"/>
        <UnitName Value="Unit6"/>
        <EditorIndex Value="-1"/>
        <TopLine Value="76"/>
        <CursorPos X="5" Y="61"/>
        <UsageCount Value="29"/>
      </Unit16>
      <Unit17>
        <Filename Value="unit6.lfm"/>
        <EditorIndex Value="-1"/>
        <TopLine Value="64"/>
        <UsageCount Value="11"/>
        <DefaultSyntaxHighlighter Value="LFM"/>
      </Unit17>
    </Units>
    <JumpHistory HistoryIndex="-1"/>
  </ProjectOptions>
  <CompilerOptions>
    <Version Value="11"/>
    <PathDelim Value="\"/>
    <Target>
      <Filename Value="project1"/>
    </Target>
    <SearchPaths>
      <IncludeFiles Value="$(ProjOutDir)"/>
      <UnitOutputDirectory Value="lib\$(TargetCPU)-$(TargetOS)"/>
    </SearchPaths>
    <Linking>
      <Debugging>
        <GenerateDebugInfo Value="False"/>
        <UseLineInfoUnit Value="False"/>
      </Debugging>
      <Options>
        <Win32>
          <GraphicApplication Value="True"/>
        </Win32>
      </Options>
    </Linking>
  </CompilerOptions>
  <Debugging>
    <Exceptions Count="3">
      <Item1>
        <Name Value="EAbort"/>
      </Item1>
      <Item2>
        <Name Value="ECodetoolError"/>
      </Item2>
      <Item3>
        <Name Value="EFOpenError"/>
      </Item3>
    </Exceptions>
  </Debugging>
</CONFIG>
